# THIS IS AN AUTOGENERATED FILE. DO NOT EDIT THIS FILE DIRECTLY.
# yarn lockfile v1


vue-router@^3.4.9:
  version "3.4.9"
  resolved "https://registry.yarnpkg.com/vue-router/-/vue-router-3.4.9.tgz#c016f42030ae2932f14e4748b39a1d9a0e250e66"
  integrity sha512-CGAKWN44RqXW06oC+u4mPgHLQQi2t6vLD/JbGRDAXm0YpMv0bgpKuU5bBd7AvMgfTz9kXVRIWKHqRwGEb8xFkA==

vue@^2.6.12:
  version "2.6.12"
  resolved "https://registry.yarnpkg.com/vue/-/vue-2.6.12.tgz#f5ebd4fa6bd2869403e29a896aed4904456c9123"
  integrity sha512-uhmLFETqPPNyuLLbsKz6ioJ4q7AZHzD8ZVFNATNyICSZouqP2Sz0rotWQC8UNBF6VGSCs5abnKJoStA6JbCbfg==

vuex@^3.6.0:
  version "3.6.0"
  resolved "https://registry.yarnpkg.com/vuex/-/vuex-3.6.0.tgz#95efa56a58f7607c135b053350833a09e01aa813"
  integrity sha512-W74OO2vCJPs9/YjNjW8lLbj+jzT24waTo2KShI8jLvJW8OaIkgb3wuAMA7D+ZiUxDOx3ubwSZTaJBip9G8a3aQ==
